
Microsoft Visual Studio Solution File, Format Version 12.00
# Visual Studio 15
VisualStudioVersion = 15.0.26730.12
MinimumVisualStudioVersion = 10.0.40219.1
Project("{FAE04EC0-301F-11D3-BF4B-00C04F79EFBC}") = "5.ChallengeEpicSpiesNewAssignmentForm", "5.ChallengeEpicSpiesNewAssignmentForm\5.ChallengeEpicSpiesNewAssignmentForm.csproj", "{0C2CB177-74D0-4ED4-B97D-D80ED1DFE823}"
EndProject
Global
	GlobalSection(SolutionConfigurationPlatforms) = preSolution
		Debug|Any CPU = Debug|Any CPU
		Release|Any CPU = Release|Any CPU
	EndGlobalSection
	GlobalSection(ProjectConfigurationPlatforms) = postSolution
		{0C2CB177-74D0-4ED4-B97D-D80ED1DFE823}.Debug|Any CPU.ActiveCfg = Debug|Any CPU
		{0C2CB177-74D0-4ED4-B97D-D80ED1DFE823}.Debug|Any CPU.Build.0 = Debug|Any CPU
		{0C2CB177-74D0-4ED4-B97D-D80ED1DFE823}.Release|Any CPU.ActiveCfg = Release|Any CPU
		{0C2CB177-74D0-4ED4-B97D-D80ED1DFE823}.Release|Any CPU.Build.0 = Release|Any CPU
	EndGlobalSection
	GlobalSection(SolutionProperties) = preSolution
		HideSolutionNode = FALSE
	EndGlobalSection
	GlobalSection(ExtensibilityGlobals) = postSolution
		SolutionGuid = {C2AD53FD-9048-479C-8C97-93D227725ADF}
	EndGlobalSection
EndGlobal
